{
  "requires": true,
  "lockfileVersion": 1,
  "dependencies": {
    "angular-archwizard": {
      "version": "3.0.0",
      "resolved": "https://registry.npmjs.org/angular-archwizard/-/angular-archwizard-3.0.0.tgz",
      "integrity": "sha512-tHnd5lvi/Kwu3GVlIBROgsXbKtL2tG0s3QBZcQJuTrgceXt6OXjpvuxFOWmyHdYwp+LxuTmkXBD/KMRVMRstew==",
      "requires": {
        "tslib": "1.9.3"
      }
    },
    "tslib": {
      "version": "1.9.3",
      "resolved": "https://registry.npmjs.org/tslib/-/tslib-1.9.3.tgz",
      "integrity": "sha512-4krF8scpejhaOgqzBEcGM7yDIEfi0/8+8zDRZhNZZ2kjmHJ4hv3zCbQWxoJGz1iw5U0Jl0nma13xzHXcncMavQ=="
    }
  }
}
